
Microsoft Visual Studio Solution File, Format Version 12.00
# Visual Studio Version 16
VisualStudioVersion = 16.0.31205.134
MinimumVisualStudioVersion = 10.0.40219.1
Project("{FAE04EC0-301F-11D3-BF4B-00C04F79EFBC}") = "BaseProject", "BaseProject\BaseProject.csproj", "{FFE29723-9C47-4582-808B-4AEBB77A58E6}"
EndProject
Global
	GlobalSection(SolutionConfigurationPlatforms) = preSolution
		Debug|Any CPU = Debug|Any CPU
		Release|Any CPU = Release|Any CPU
	EndGlobalSection
	GlobalSection(ProjectConfigurationPlatforms) = postSolution
		{FFE29723-9C47-4582-808B-4AEBB77A58E6}.Debug|Any CPU.ActiveCfg = Debug|Any CPU
		{FFE29723-9C47-4582-808B-4AEBB77A58E6}.Debug|Any CPU.Build.0 = Debug|Any CPU
		{FFE29723-9C47-4582-808B-4AEBB77A58E6}.Release|Any CPU.ActiveCfg = Release|Any CPU
		{FFE29723-9C47-4582-808B-4AEBB77A58E6}.Release|Any CPU.Build.0 = Release|Any CPU
	EndGlobalSection
	GlobalSection(SolutionProperties) = preSolution
		HideSolutionNode = FALSE
	EndGlobalSection
	GlobalSection(ExtensibilityGlobals) = postSolution
		SolutionGuid = {43F77B13-AA6A-4998-8B05-929B80FDB7CC}
	EndGlobalSection
EndGlobal
